// !$*UTF8*$!
{
	archiveVersion = 1;
	classes = {
	};
	objectVersion = 56;
	objects = {

/* Begin PBXBuildFile section */
		CD17B7942A3D551800B3A528 /* LandmarksApp.swift in Sources */ = {isa = PBXBuildFile; fileRef = CD17B7932A3D551800B3A528 /* LandmarksApp.swift */; };
		CD17B7962A3D551800B3A528 /* ContentView.swift in Sources */ = {isa = PBXBuildFile; fileRef = CD17B7952A3D551800B3A528 /* ContentView.swift */; };
		CD17B7982A3D551900B3A528 /* Assets.xcassets in Resources */ = {isa = PBXBuildFile; fileRef = CD17B7972A3D551900B3A528 /* Assets.xcassets */; };
		CD17B79C2A3D551900B3A528 /* Preview Assets.xcassets in Resources */ = {isa = PBXBuildFile; fileRef = CD17B79B2A3D551900B3A528 /* Preview Assets.xcassets */; };
		CD17B7A62A3D551900B3A528 /* LandmarksTests.swift in Sources */ = {isa = PBXBuildFile; fileRef = CD17B7A52A3D551900B3A528 /* LandmarksTests.swift */; };
		CD17B7B02A3D551900B3A528 /* LandmarksUITests.swift in Sources */ = {isa = PBXBuildFile; fileRef = CD17B7AF2A3D551900B3A528 /* LandmarksUITests.swift */; };
		CD17B7B22A3D551900B3A528 /* LandmarksUITestsLaunchTests.swift in Sources */ = {isa = PBXBuildFile; fileRef = CD17B7B12A3D551900B3A528 /* LandmarksUITestsLaunchTests.swift */; };
		CD2DC22A2A3D812B0020629D /* CircleImage.swift in Sources */ = {isa = PBXBuildFile; fileRef = CD2DC2292A3D812B0020629D /* CircleImage.swift */; };
		CD2DC22C2A3D83DA0020629D /* MapView.swift in Sources */ = {isa = PBXBuildFile; fileRef = CD2DC22B2A3D83DA0020629D /* MapView.swift */; };
		CD2DC22F2A3D8C830020629D /* landmarkData.json in Resources */ = {isa = PBXBuildFile; fileRef = CD2DC22E2A3D8C830020629D /* landmarkData.json */; };
		CD2DC2322A3D905E0020629D /* Landmark.swift in Sources */ = {isa = PBXBuildFile; fileRef = CD2DC2312A3D905E0020629D /* Landmark.swift */; };
		CD2DC2342A3D90670020629D /* ModelData.swift in Sources */ = {isa = PBXBuildFile; fileRef = CD2DC2332A3D90670020629D /* ModelData.swift */; };
		CD2DC2362A3D95860020629D /* LandmarkRow.swift in Sources */ = {isa = PBXBuildFile; fileRef = CD2DC2352A3D95860020629D /* LandmarkRow.swift */; };
		CD2DC2382A3D99B90020629D /* LandmarkList.swift in Sources */ = {isa = PBXBuildFile; fileRef = CD2DC2372A3D99B90020629D /* LandmarkList.swift */; };
		CD2DC23A2A3D9D960020629D /* LandmarkDetail.swift in Sources */ = {isa = PBXBuildFile; fileRef = CD2DC2392A3D9D960020629D /* LandmarkDetail.swift */; };
		CD2DC23C2A3DC4020020629D /* FavoriteButton.swift in Sources */ = {isa = PBXBuildFile; fileRef = CD2DC23B2A3DC4020020629D /* FavoriteButton.swift */; };
		CD8AAF8C2A3EC1E000F17270 /* HexagonParameters.swift in Sources */ = {isa = PBXBuildFile; fileRef = CD8AAF8B2A3EC1E000F17270 /* HexagonParameters.swift */; };
		CD8AAF8E2A3EC49C00F17270 /* BadgeBackground.swift in Sources */ = {isa = PBXBuildFile; fileRef = CD8AAF8D2A3EC49C00F17270 /* BadgeBackground.swift */; };
		CD8AAF902A3EC8E100F17270 /* BadgeSymbol.swift in Sources */ = {isa = PBXBuildFile; fileRef = CD8AAF8F2A3EC8E100F17270 /* BadgeSymbol.swift */; };
		CD8AAF922A3EC9EF00F17270 /* RotatedBadgeSymbol.swift in Sources */ = {isa = PBXBuildFile; fileRef = CD8AAF912A3EC9EF00F17270 /* RotatedBadgeSymbol.swift */; };
		CD8AAF952A3ECC9E00F17270 /* Badge.swift in Sources */ = {isa = PBXBuildFile; fileRef = CD8AAF942A3ECC9E00F17270 /* Badge.swift */; };
		CD8AAF992A3ECF6600F17270 /* hikeData.json in Resources */ = {isa = PBXBuildFile; fileRef = CD8AAF982A3ECF6600F17270 /* hikeData.json */; };
		CD8AAF9B2A3ED04700F17270 /* Hike.swift in Sources */ = {isa = PBXBuildFile; fileRef = CD8AAF9A2A3ED04700F17270 /* Hike.swift */; };
		CD8AAFA12A3ED0EE00F17270 /* GraphCapsule.swift in Sources */ = {isa = PBXBuildFile; fileRef = CD8AAF9D2A3ED0EE00F17270 /* GraphCapsule.swift */; };
		CD8AAFA22A3ED0EE00F17270 /* HikeGraph.swift in Sources */ = {isa = PBXBuildFile; fileRef = CD8AAF9E2A3ED0EE00F17270 /* HikeGraph.swift */; };
		CD8AAFA32A3ED0EE00F17270 /* HikeDetail.swift in Sources */ = {isa = PBXBuildFile; fileRef = CD8AAF9F2A3ED0EE00F17270 /* HikeDetail.swift */; };
		CD8AAFA42A3ED0EE00F17270 /* HikeView.swift in Sources */ = {isa = PBXBuildFile; fileRef = CD8AAFA02A3ED0EE00F17270 /* HikeView.swift */; };
		CD8AAFA62A3ED84900F17270 /* CategoryHome.swift in Sources */ = {isa = PBXBuildFile; fileRef = CD8AAFA52A3ED84900F17270 /* CategoryHome.swift */; };
		CD8AAFA82A3ED9FC00F17270 /* CategoryRow.swift in Sources */ = {isa = PBXBuildFile; fileRef = CD8AAFA72A3ED9FC00F17270 /* CategoryRow.swift */; };
		CD8AAFAA2A3EDB8000F17270 /* CategoryItem.swift in Sources */ = {isa = PBXBuildFile; fileRef = CD8AAFA92A3EDB8000F17270 /* CategoryItem.swift */; };
		CD8AAFAE2A3FEF1700F17270 /* Profile.swift in Sources */ = {isa = PBXBuildFile; fileRef = CD8AAFAD2A3FEF1700F17270 /* Profile.swift */; };
		CD8AAFB02A3FF03000F17270 /* ProfileHost.swift in Sources */ = {isa = PBXBuildFile; fileRef = CD8AAFAF2A3FF03000F17270 /* ProfileHost.swift */; };
		CD8AAFB22A3FF09D00F17270 /* ProfileSummary.swift in Sources */ = {isa = PBXBuildFile; fileRef = CD8AAFB12A3FF09D00F17270 /* ProfileSummary.swift */; };
		CD8AAFB42A3FF1E100F17270 /* HikeBadge.swift in Sources */ = {isa = PBXBuildFile; fileRef = CD8AAFB32A3FF1E100F17270 /* HikeBadge.swift */; };
		CD8AAFB62A3FF99800F17270 /* ProfileEditor.swift in Sources */ = {isa = PBXBuildFile; fileRef = CD8AAFB52A3FF99700F17270 /* ProfileEditor.swift */; };
		CD8AAFB92A40256300F17270 /* PageViewController.swift in Sources */ = {isa = PBXBuildFile; fileRef = CD8AAFB82A40256300F17270 /* PageViewController.swift */; };
		CD8AAFBB2A40293800F17270 /* FeatureCard.swift in Sources */ = {isa = PBXBuildFile; fileRef = CD8AAFBA2A40293800F17270 /* FeatureCard.swift */; };
		CD8AAFBD2A402A6B00F17270 /* PageView.swift in Sources */ = {isa = PBXBuildFile; fileRef = CD8AAFBC2A402A6B00F17270 /* PageView.swift */; };
		CD8AAFBF2A40358F00F17270 /* PageControl.swift in Sources */ = {isa = PBXBuildFile; fileRef = CD8AAFBE2A40358F00F17270 /* PageControl.swift */; };
/* End PBXBuildFile section */

/* Begin PBXContainerItemProxy section */
		CD17B7A22A3D551900B3A528 /* PBXContainerItemProxy */ = {
			isa = PBXContainerItemProxy;
			containerPortal = CD17B7882A3D551800B3A528 /* Project object */;
			proxyType = 1;
			remoteGlobalIDString = CD17B78F2A3D551800B3A528;
			remoteInfo = Landmarks;
		};
		CD17B7AC2A3D551900B3A528 /* PBXContainerItemProxy */ = {
			isa = PBXContainerItemProxy;
			containerPortal = CD17B7882A3D551800B3A528 /* Project object */;
			proxyType = 1;
			remoteGlobalIDString = CD17B78F2A3D551800B3A528;
			remoteInfo = Landmarks;
		};
/* End PBXContainerItemProxy section */

/* Begin PBXFileReference section */
		CD17B7902A3D551800B3A528 /* Landmarks.app */ = {isa = PBXFileReference; explicitFileType = wrapper.application; includeInIndex = 0; path = Landmarks.app; sourceTree = BUILT_PRODUCTS_DIR; };
		CD17B7932A3D551800B3A528 /* LandmarksApp.swift */ = {isa = PBXFileReference; lastKnownFileType = sourcecode.swift; path = LandmarksApp.swift; sourceTree = "<group>"; };
		CD17B7952A3D551800B3A528 /* ContentView.swift */ = {isa = PBXFileReference; lastKnownFileType = sourcecode.swift; path = ContentView.swift; sourceTree = "<group>"; };
		CD17B7972A3D551900B3A528 /* Assets.xcassets */ = {isa = PBXFileReference; lastKnownFileType = folder.assetcatalog; path = Assets.xcassets; sourceTree = "<group>"; };
		CD17B7992A3D551900B3A528 /* Landmarks.entitlements */ = {isa = PBXFileReference; lastKnownFileType = text.plist.entitlements; path = Landmarks.entitlements; sourceTree = "<group>"; };
		CD17B79B2A3D551900B3A528 /* Preview Assets.xcassets */ = {isa = PBXFileReference; lastKnownFileType = folder.assetcatalog; path = "Preview Assets.xcassets"; sourceTree = "<group>"; };
		CD17B7A12A3D551900B3A528 /* LandmarksTests.xctest */ = {isa = PBXFileReference; explicitFileType = wrapper.cfbundle; includeInIndex = 0; path = LandmarksTests.xctest; sourceTree = BUILT_PRODUCTS_DIR; };
		CD17B7A52A3D551900B3A528 /* LandmarksTests.swift */ = {isa = PBXFileReference; lastKnownFileType = sourcecode.swift; path = LandmarksTests.swift; sourceTree = "<group>"; };
		CD17B7AB2A3D551900B3A528 /* LandmarksUITests.xctest */ = {isa = PBXFileReference; explicitFileType = wrapper.cfbundle; includeInIndex = 0; path = LandmarksUITests.xctest; sourceTree = BUILT_PRODUCTS_DIR; };
		CD17B7AF2A3D551900B3A528 /* LandmarksUITests.swift */ = {isa = PBXFileReference; lastKnownFileType = sourcecode.swift; path = LandmarksUITests.swift; sourceTree = "<group>"; };
		CD17B7B12A3D551900B3A528 /* LandmarksUITestsLaunchTests.swift */ = {isa = PBXFileReference; lastKnownFileType = sourcecode.swift; path = LandmarksUITestsLaunchTests.swift; sourceTree = "<group>"; };
		CD2DC2292A3D812B0020629D /* CircleImage.swift */ = {isa = PBXFileReference; lastKnownFileType = sourcecode.swift; path = CircleImage.swift; sourceTree = "<group>"; };
		CD2DC22B2A3D83DA0020629D /* MapView.swift */ = {isa = PBXFileReference; lastKnownFileType = sourcecode.swift; path = MapView.swift; sourceTree = "<group>"; };
		CD2DC22E2A3D8C830020629D /* landmarkData.json */ = {isa = PBXFileReference; fileEncoding = 4; lastKnownFileType = text.json; path = landmarkData.json; sourceTree = "<group>"; };
		CD2DC2312A3D905E0020629D /* Landmark.swift */ = {isa = PBXFileReference; lastKnownFileType = sourcecode.swift; path = Landmark.swift; sourceTree = "<group>"; };
		CD2DC2332A3D90670020629D /* ModelData.swift */ = {isa = PBXFileReference; lastKnownFileType = sourcecode.swift; path = ModelData.swift; sourceTree = "<group>"; };
		CD2DC2352A3D95860020629D /* LandmarkRow.swift */ = {isa = PBXFileReference; lastKnownFileType = sourcecode.swift; path = LandmarkRow.swift; sourceTree = "<group>"; };
		CD2DC2372A3D99B90020629D /* LandmarkList.swift */ = {isa = PBXFileReference; lastKnownFileType = sourcecode.swift; path = LandmarkList.swift; sourceTree = "<group>"; };
		CD2DC2392A3D9D960020629D /* LandmarkDetail.swift */ = {isa = PBXFileReference; lastKnownFileType = sourcecode.swift; path = LandmarkDetail.swift; sourceTree = "<group>"; };
		CD2DC23B2A3DC4020020629D /* FavoriteButton.swift */ = {isa = PBXFileReference; lastKnownFileType = sourcecode.swift; path = FavoriteButton.swift; sourceTree = "<group>"; };
		CD8AAF8B2A3EC1E000F17270 /* HexagonParameters.swift */ = {isa = PBXFileReference; lastKnownFileType = sourcecode.swift; path = HexagonParameters.swift; sourceTree = "<group>"; };
		CD8AAF8D2A3EC49C00F17270 /* BadgeBackground.swift */ = {isa = PBXFileReference; lastKnownFileType = sourcecode.swift; path = BadgeBackground.swift; sourceTree = "<group>"; };
		CD8AAF8F2A3EC8E100F17270 /* BadgeSymbol.swift */ = {isa = PBXFileReference; lastKnownFileType = sourcecode.swift; path = BadgeSymbol.swift; sourceTree = "<group>"; };
		CD8AAF912A3EC9EF00F17270 /* RotatedBadgeSymbol.swift */ = {isa = PBXFileReference; lastKnownFileType = sourcecode.swift; path = RotatedBadgeSymbol.swift; sourceTree = "<group>"; };
		CD8AAF942A3ECC9E00F17270 /* Badge.swift */ = {isa = PBXFileReference; lastKnownFileType = sourcecode.swift; path = Badge.swift; sourceTree = "<group>"; };
		CD8AAF982A3ECF6600F17270 /* hikeData.json */ = {isa = PBXFileReference; fileEncoding = 4; lastKnownFileType = text.json; name = hikeData.json; path = ../../../AnimatingViewsAndTransitions/Resources/hikeData.json; sourceTree = "<group>"; };
		CD8AAF9A2A3ED04700F17270 /* Hike.swift */ = {isa = PBXFileReference; lastKnownFileType = sourcecode.swift; path = Hike.swift; sourceTree = "<group>"; };
		CD8AAF9D2A3ED0EE00F17270 /* GraphCapsule.swift */ = {isa = PBXFileReference; fileEncoding = 4; lastKnownFileType = sourcecode.swift; path = GraphCapsule.swift; sourceTree = "<group>"; };
		CD8AAF9E2A3ED0EE00F17270 /* HikeGraph.swift */ = {isa = PBXFileReference; fileEncoding = 4; lastKnownFileType = sourcecode.swift; path = HikeGraph.swift; sourceTree = "<group>"; };
		CD8AAF9F2A3ED0EE00F17270 /* HikeDetail.swift */ = {isa = PBXFileReference; fileEncoding = 4; lastKnownFileType = sourcecode.swift; path = HikeDetail.swift; sourceTree = "<group>"; };
		CD8AAFA02A3ED0EE00F17270 /* HikeView.swift */ = {isa = PBXFileReference; fileEncoding = 4; lastKnownFileType = sourcecode.swift; path = HikeView.swift; sourceTree = "<group>"; };
		CD8AAFA52A3ED84900F17270 /* CategoryHome.swift */ = {isa = PBXFileReference; lastKnownFileType = sourcecode.swift; path = CategoryHome.swift; sourceTree = "<group>"; };
		CD8AAFA72A3ED9FC00F17270 /* CategoryRow.swift */ = {isa = PBXFileReference; lastKnownFileType = sourcecode.swift; path = CategoryRow.swift; sourceTree = "<group>"; };
		CD8AAFA92A3EDB8000F17270 /* CategoryItem.swift */ = {isa = PBXFileReference; lastKnownFileType = sourcecode.swift; path = CategoryItem.swift; sourceTree = "<group>"; };
		CD8AAFAD2A3FEF1700F17270 /* Profile.swift */ = {isa = PBXFileReference; lastKnownFileType = sourcecode.swift; path = Profile.swift; sourceTree = "<group>"; };
		CD8AAFAF2A3FF03000F17270 /* ProfileHost.swift */ = {isa = PBXFileReference; lastKnownFileType = sourcecode.swift; path = ProfileHost.swift; sourceTree = "<group>"; };
		CD8AAFB12A3FF09D00F17270 /* ProfileSummary.swift */ = {isa = PBXFileReference; lastKnownFileType = sourcecode.swift; path = ProfileSummary.swift; sourceTree = "<group>"; };
		CD8AAFB32A3FF1E100F17270 /* HikeBadge.swift */ = {isa = PBXFileReference; lastKnownFileType = sourcecode.swift; path = HikeBadge.swift; sourceTree = "<group>"; };
		CD8AAFB52A3FF99700F17270 /* ProfileEditor.swift */ = {isa = PBXFileReference; lastKnownFileType = sourcecode.swift; path = ProfileEditor.swift; sourceTree = "<group>"; };
		CD8AAFB82A40256300F17270 /* PageViewController.swift */ = {isa = PBXFileReference; lastKnownFileType = sourcecode.swift; path = PageViewController.swift; sourceTree = "<group>"; };
		CD8AAFBA2A40293800F17270 /* FeatureCard.swift */ = {isa = PBXFileReference; lastKnownFileType = sourcecode.swift; path = FeatureCard.swift; sourceTree = "<group>"; };
		CD8AAFBC2A402A6B00F17270 /* PageView.swift */ = {isa = PBXFileReference; lastKnownFileType = sourcecode.swift; path = PageView.swift; sourceTree = "<group>"; };
		CD8AAFBE2A40358F00F17270 /* PageControl.swift */ = {isa = PBXFileReference; lastKnownFileType = sourcecode.swift; path = PageControl.swift; sourceTree = "<group>"; };
/* End PBXFileReference section */

/* Begin PBXFrameworksBuildPhase section */
		CD17B78D2A3D551800B3A528 /* Frameworks */ = {
			isa = PBXFrameworksBuildPhase;
			buildActionMask = 2147483647;
			files = (
			);
			runOnlyForDeploymentPostprocessing = 0;
		};
		CD17B79E2A3D551900B3A528 /* Frameworks */ = {
			isa = PBXFrameworksBuildPhase;
			buildActionMask = 2147483647;
			files = (
			);
			runOnlyForDeploymentPostprocessing = 0;
		};
		CD17B7A82A3D551900B3A528 /* Frameworks */ = {
			isa = PBXFrameworksBuildPhase;
			buildActionMask = 2147483647;
			files = (
			);
			runOnlyForDeploymentPostprocessing = 0;
		};
/* End PBXFrameworksBuildPhase section */

/* Begin PBXGroup section */
		CD17B7872A3D551800B3A528 = {
			isa = PBXGroup;
			children = (
				CD17B7922A3D551800B3A528 /* Landmarks */,
				CD17B7A42A3D551900B3A528 /* LandmarksTests */,
				CD17B7AE2A3D551900B3A528 /* LandmarksUITests */,
				CD17B7912A3D551800B3A528 /* Products */,
			);
			sourceTree = "<group>";
		};
		CD17B7912A3D551800B3A528 /* Products */ = {
			isa = PBXGroup;
			children = (
				CD17B7902A3D551800B3A528 /* Landmarks.app */,
				CD17B7A12A3D551900B3A528 /* LandmarksTests.xctest */,
				CD17B7AB2A3D551900B3A528 /* LandmarksUITests.xctest */,
			);
			name = Products;
			sourceTree = "<group>";
		};
		CD17B7922A3D551800B3A528 /* Landmarks */ = {
			isa = PBXGroup;
			children = (
				CD2DC2282A3D81160020629D /* Views */,
				CD2DC2302A3D90310020629D /* Model */,
				CD2DC22D2A3D8C400020629D /* Resources */,
				CD17B7932A3D551800B3A528 /* LandmarksApp.swift */,
				CD17B7972A3D551900B3A528 /* Assets.xcassets */,
				CD17B7992A3D551900B3A528 /* Landmarks.entitlements */,
				CD17B79A2A3D551900B3A528 /* Preview Content */,
			);
			path = Landmarks;
			sourceTree = "<group>";
		};
		CD17B79A2A3D551900B3A528 /* Preview Content */ = {
			isa = PBXGroup;
			children = (
				CD17B79B2A3D551900B3A528 /* Preview Assets.xcassets */,
			);
			path = "Preview Content";
			sourceTree = "<group>";
		};
		CD17B7A42A3D551900B3A528 /* LandmarksTests */ = {
			isa = PBXGroup;
			children = (
				CD17B7A52A3D551900B3A528 /* LandmarksTests.swift */,
			);
			path = LandmarksTests;
			sourceTree = "<group>";
		};
		CD17B7AE2A3D551900B3A528 /* LandmarksUITests */ = {
			isa = PBXGroup;
			children = (
				CD17B7AF2A3D551900B3A528 /* LandmarksUITests.swift */,
				CD17B7B12A3D551900B3A528 /* LandmarksUITestsLaunchTests.swift */,
			);
			path = LandmarksUITests;
			sourceTree = "<group>";
		};
		CD2DC2282A3D81160020629D /* Views */ = {
			isa = PBXGroup;
			children = (
				CD8AAFB72A40253E00F17270 /* PageView */,
				CD17B7952A3D551800B3A528 /* ContentView.swift */,
				CD2DC23D2A3DC4D20020629D /* Landmarks */,
				CD2DC23E2A3DC4DB0020629D /* Helpers */,
				CD8AAF932A3ECBEA00F17270 /* Badges */,
				CD8AAF9C2A3ED0EE00F17270 /* Hikes */,
				CD8AAFAB2A3EDB8700F17270 /* Categories */,
				CD8AAFAC2A3FEEF600F17270 /* Profiles */,
			);
			path = Views;
			sourceTree = "<group>";
		};
		CD2DC22D2A3D8C400020629D /* Resources */ = {
			isa = PBXGroup;
			children = (
				CD2DC22E2A3D8C830020629D /* landmarkData.json */,
				CD8AAF982A3ECF6600F17270 /* hikeData.json */,
			);
			path = Resources;
			sourceTree = "<group>";
		};
		CD2DC2302A3D90310020629D /* Model */ = {
			isa = PBXGroup;
			children = (
				CD2DC2312A3D905E0020629D /* Landmark.swift */,
				CD2DC2332A3D90670020629D /* ModelData.swift */,
				CD8AAF9A2A3ED04700F17270 /* Hike.swift */,
				CD8AAFAD2A3FEF1700F17270 /* Profile.swift */,
			);
			path = Model;
			sourceTree = "<group>";
		};
		CD2DC23D2A3DC4D20020629D /* Landmarks */ = {
			isa = PBXGroup;
			children = (
				CD2DC2352A3D95860020629D /* LandmarkRow.swift */,
				CD2DC2372A3D99B90020629D /* LandmarkList.swift */,
				CD2DC2392A3D9D960020629D /* LandmarkDetail.swift */,
			);
			path = Landmarks;
			sourceTree = "<group>";
		};
		CD2DC23E2A3DC4DB0020629D /* Helpers */ = {
			isa = PBXGroup;
			children = (
				CD2DC2292A3D812B0020629D /* CircleImage.swift */,
				CD2DC22B2A3D83DA0020629D /* MapView.swift */,
				CD2DC23B2A3DC4020020629D /* FavoriteButton.swift */,
			);
			path = Helpers;
			sourceTree = "<group>";
		};
		CD8AAF932A3ECBEA00F17270 /* Badges */ = {
			isa = PBXGroup;
			children = (
				CD8AAF8B2A3EC1E000F17270 /* HexagonParameters.swift */,
				CD8AAF8D2A3EC49C00F17270 /* BadgeBackground.swift */,
				CD8AAF8F2A3EC8E100F17270 /* BadgeSymbol.swift */,
				CD8AAF912A3EC9EF00F17270 /* RotatedBadgeSymbol.swift */,
				CD8AAF942A3ECC9E00F17270 /* Badge.swift */,
			);
			path = Badges;
			sourceTree = "<group>";
		};
		CD8AAF9C2A3ED0EE00F17270 /* Hikes */ = {
			isa = PBXGroup;
			children = (
				CD8AAF9D2A3ED0EE00F17270 /* GraphCapsule.swift */,
				CD8AAF9E2A3ED0EE00F17270 /* HikeGraph.swift */,
				CD8AAF9F2A3ED0EE00F17270 /* HikeDetail.swift */,
				CD8AAFA02A3ED0EE00F17270 /* HikeView.swift */,
				CD8AAFB32A3FF1E100F17270 /* HikeBadge.swift */,
			);
			path = Hikes;
			sourceTree = "<group>";
		};
		CD8AAFAB2A3EDB8700F17270 /* Categories */ = {
			isa = PBXGroup;
			children = (
				CD8AAFA52A3ED84900F17270 /* CategoryHome.swift */,
				CD8AAFA72A3ED9FC00F17270 /* CategoryRow.swift */,
				CD8AAFA92A3EDB8000F17270 /* CategoryItem.swift */,
			);
			path = Categories;
			sourceTree = "<group>";
		};
		CD8AAFAC2A3FEEF600F17270 /* Profiles */ = {
			isa = PBXGroup;
			children = (
				CD8AAFAF2A3FF03000F17270 /* ProfileHost.swift */,
				CD8AAFB12A3FF09D00F17270 /* ProfileSummary.swift */,
				CD8AAFB52A3FF99700F17270 /* ProfileEditor.swift */,
			);
			path = Profiles;
			sourceTree = "<group>";
		};
		CD8AAFB72A40253E00F17270 /* PageView */ = {
			isa = PBXGroup;
			children = (
				CD8AAFB82A40256300F17270 /* PageViewController.swift */,
				CD8AAFBA2A40293800F17270 /* FeatureCard.swift */,
				CD8AAFBC2A402A6B00F17270 /* PageView.swift */,
				CD8AAFBE2A40358F00F17270 /* PageControl.swift */,
			);
			path = PageView;
			sourceTree = "<group>";
		};
/* End PBXGroup section */

/* Begin PBXNativeTarget section */
		CD17B78F2A3D551800B3A528 /* Landmarks */ = {
			isa = PBXNativeTarget;
			buildConfigurationList = CD17B7B52A3D551900B3A528 /* Build configuration list for PBXNativeTarget "Landmarks" */;
			buildPhases = (
				CD17B78C2A3D551800B3A528 /* Sources */,
				CD17B78D2A3D551800B3A528 /* Frameworks */,
				CD17B78E2A3D551800B3A528 /* Resources */,
			);
			buildRules = (
			);
			dependencies = (
			);
			name = Landmarks;
			productName = Landmarks;
			productReference = CD17B7902A3D551800B3A528 /* Landmarks.app */;
			productType = "com.apple.product-type.application";
		};
		CD17B7A02A3D551900B3A528 /* LandmarksTests */ = {
			isa = PBXNativeTarget;
			buildConfigurationList = CD17B7B82A3D551900B3A528 /* Build configuration list for PBXNativeTarget "LandmarksTests" */;
			buildPhases = (
				CD17B79D2A3D551900B3A528 /* Sources */,
				CD17B79E2A3D551900B3A528 /* Frameworks */,
				CD17B79F2A3D551900B3A528 /* Resources */,
			);
			buildRules = (
			);
			dependencies = (
				CD17B7A32A3D551900B3A528 /* PBXTargetDependency */,
			);
			name = LandmarksTests;
			productName = LandmarksTests;
			productReference = CD17B7A12A3D551900B3A528 /* LandmarksTests.xctest */;
			productType = "com.apple.product-type.bundle.unit-test";
		};
		CD17B7AA2A3D551900B3A528 /* LandmarksUITests */ = {
			isa = PBXNativeTarget;
			buildConfigurationList = CD17B7BB2A3D551900B3A528 /* Build configuration list for PBXNativeTarget "LandmarksUITests" */;
			buildPhases = (
				CD17B7A72A3D551900B3A528 /* Sources */,
				CD17B7A82A3D551900B3A528 /* Frameworks */,
				CD17B7A92A3D551900B3A528 /* Resources */,
			);
			buildRules = (
			);
			dependencies = (
				CD17B7AD2A3D551900B3A528 /* PBXTargetDependency */,
			);
			name = LandmarksUITests;
			productName = LandmarksUITests;
			productReference = CD17B7AB2A3D551900B3A528 /* LandmarksUITests.xctest */;
			productType = "com.apple.product-type.bundle.ui-testing";
		};
/* End PBXNativeTarget section */

/* Begin PBXProject section */
		CD17B7882A3D551800B3A528 /* Project object */ = {
			isa = PBXProject;
			attributes = {
				BuildIndependentTargetsInParallel = 1;
				LastSwiftUpdateCheck = 1430;
				LastUpgradeCheck = 1430;
				TargetAttributes = {
					CD17B78F2A3D551800B3A528 = {
						CreatedOnToolsVersion = 14.3.1;
					};
					CD17B7A02A3D551900B3A528 = {
						CreatedOnToolsVersion = 14.3.1;
						TestTargetID = CD17B78F2A3D551800B3A528;
					};
					CD17B7AA2A3D551900B3A528 = {
						CreatedOnToolsVersion = 14.3.1;
						TestTargetID = CD17B78F2A3D551800B3A528;
					};
				};
			};
			buildConfigurationList = CD17B78B2A3D551800B3A528 /* Build configuration list for PBXProject "Landmarks" */;
			compatibilityVersion = "Xcode 14.0";
			developmentRegion = en;
			hasScannedForEncodings = 0;
			knownRegions = (
				en,
				Base,
			);
			mainGroup = CD17B7872A3D551800B3A528;
			productRefGroup = CD17B7912A3D551800B3A528 /* Products */;
			projectDirPath = "";
			projectRoot = "";
			targets = (
				CD17B78F2A3D551800B3A528 /* Landmarks */,
				CD17B7A02A3D551900B3A528 /* LandmarksTests */,
				CD17B7AA2A3D551900B3A528 /* LandmarksUITests */,
			);
		};
/* End PBXProject section */

/* Begin PBXResourcesBuildPhase section */
		CD17B78E2A3D551800B3A528 /* Resources */ = {
			isa = PBXResourcesBuildPhase;
			buildActionMask = 2147483647;
			files = (
				CD8AAF992A3ECF6600F17270 /* hikeData.json in Resources */,
				CD17B79C2A3D551900B3A528 /* Preview Assets.xcassets in Resources */,
				CD17B7982A3D551900B3A528 /* Assets.xcassets in Resources */,
				CD2DC22F2A3D8C830020629D /* landmarkData.json in Resources */,
			);
			runOnlyForDeploymentPostprocessing = 0;
		};
		CD17B79F2A3D551900B3A528 /* Resources */ = {
			isa = PBXResourcesBuildPhase;
			buildActionMask = 2147483647;
			files = (
			);
			runOnlyForDeploymentPostprocessing = 0;
		};
		CD17B7A92A3D551900B3A528 /* Resources */ = {
			isa = PBXResourcesBuildPhase;
			buildActionMask = 2147483647;
			files = (
			);
			runOnlyForDeploymentPostprocessing = 0;
		};
/* End PBXResourcesBuildPhase section */

/* Begin PBXSourcesBuildPhase section */
		CD17B78C2A3D551800B3A528 /* Sources */ = {
			isa = PBXSourcesBuildPhase;
			buildActionMask = 2147483647;
			files = (
				CD8AAFA82A3ED9FC00F17270 /* CategoryRow.swift in Sources */,
				CD8AAFAE2A3FEF1700F17270 /* Profile.swift in Sources */,
				CD17B7962A3D551800B3A528 /* ContentView.swift in Sources */,
				CD8AAFA62A3ED84900F17270 /* CategoryHome.swift in Sources */,
				CD8AAFBB2A40293800F17270 /* FeatureCard.swift in Sources */,
				CD8AAFA22A3ED0EE00F17270 /* HikeGraph.swift in Sources */,
				CD8AAF952A3ECC9E00F17270 /* Badge.swift in Sources */,
				CD2DC22C2A3D83DA0020629D /* MapView.swift in Sources */,
				CD8AAFA12A3ED0EE00F17270 /* GraphCapsule.swift in Sources */,
				CD17B7942A3D551800B3A528 /* LandmarksApp.swift in Sources */,
				CD8AAFBF2A40358F00F17270 /* PageControl.swift in Sources */,
				CD2DC2382A3D99B90020629D /* LandmarkList.swift in Sources */,
				CD8AAFAA2A3EDB8000F17270 /* CategoryItem.swift in Sources */,
				CD8AAFA32A3ED0EE00F17270 /* HikeDetail.swift in Sources */,
				CD8AAFB22A3FF09D00F17270 /* ProfileSummary.swift in Sources */,
				CD8AAF8C2A3EC1E000F17270 /* HexagonParameters.swift in Sources */,
				CD8AAFB02A3FF03000F17270 /* ProfileHost.swift in Sources */,
				CD8AAF9B2A3ED04700F17270 /* Hike.swift in Sources */,
				CD8AAF922A3EC9EF00F17270 /* RotatedBadgeSymbol.swift in Sources */,
				CD8AAFBD2A402A6B00F17270 /* PageView.swift in Sources */,
				CD8AAF902A3EC8E100F17270 /* BadgeSymbol.swift in Sources */,
				CD8AAFB62A3FF99800F17270 /* ProfileEditor.swift in Sources */,
				CD2DC23C2A3DC4020020629D /* FavoriteButton.swift in Sources */,
				CD8AAFA42A3ED0EE00F17270 /* HikeView.swift in Sources */,
				CD2DC23A2A3D9D960020629D /* LandmarkDetail.swift in Sources */,
				CD8AAFB92A40256300F17270 /* PageViewController.swift in Sources */,
				CD8AAF8E2A3EC49C00F17270 /* BadgeBackground.swift in Sources */,
				CD8AAFB42A3FF1E100F17270 /* HikeBadge.swift in Sources */,
				CD2DC22A2A3D812B0020629D /* CircleImage.swift in Sources */,
				CD2DC2322A3D905E0020629D /* Landmark.swift in Sources */,
				CD2DC2362A3D95860020629D /* LandmarkRow.swift in Sources */,
				CD2DC2342A3D90670020629D /* ModelData.swift in Sources */,
			);
			runOnlyForDeploymentPostprocessing = 0;
		};
		CD17B79D2A3D551900B3A528 /* Sources */ = {
			isa = PBXSourcesBuildPhase;
			buildActionMask = 2147483647;
			files = (
				CD17B7A62A3D551900B3A528 /* LandmarksTests.swift in Sources */,
			);
			runOnlyForDeploymentPostprocessing = 0;
		};
		CD17B7A72A3D551900B3A528 /* Sources */ = {
			isa = PBXSourcesBuildPhase;
			buildActionMask = 2147483647;
			files = (
				CD17B7B22A3D551900B3A528 /* LandmarksUITestsLaunchTests.swift in Sources */,
				CD17B7B02A3D551900B3A528 /* LandmarksUITests.swift in Sources */,
			);
			runOnlyForDeploymentPostprocessing = 0;
		};
/* End PBXSourcesBuildPhase section */

/* Begin PBXTargetDependency section */
		CD17B7A32A3D551900B3A528 /* PBXTargetDependency */ = {
			isa = PBXTargetDependency;
			target = CD17B78F2A3D551800B3A528 /* Landmarks */;
			targetProxy = CD17B7A22A3D551900B3A528 /* PBXContainerItemProxy */;
		};
		CD17B7AD2A3D551900B3A528 /* PBXTargetDependency */ = {
			isa = PBXTargetDependency;
			target = CD17B78F2A3D551800B3A528 /* Landmarks */;
			targetProxy = CD17B7AC2A3D551900B3A528 /* PBXContainerItemProxy */;
		};
/* End PBXTargetDependency section */

/* Begin XCBuildConfiguration section */
		CD17B7B32A3D551900B3A528 /* Debug */ = {
			isa = XCBuildConfiguration;
			buildSettings = {
				ALWAYS_SEARCH_USER_PATHS = NO;
				CLANG_ANALYZER_NONNULL = YES;
				CLANG_ANALYZER_NUMBER_OBJECT_CONVERSION = YES_AGGRESSIVE;
				CLANG_CXX_LANGUAGE_STANDARD = "gnu++20";
				CLANG_ENABLE_MODULES = YES;
				CLANG_ENABLE_OBJC_ARC = YES;
				CLANG_ENABLE_OBJC_WEAK = YES;
				CLANG_WARN_BLOCK_CAPTURE_AUTORELEASING = YES;
				CLANG_WARN_BOOL_CONVERSION = YES;
				CLANG_WARN_COMMA = YES;
				CLANG_WARN_CONSTANT_CONVERSION = YES;
				CLANG_WARN_DEPRECATED_OBJC_IMPLEMENTATIONS = YES;
				CLANG_WARN_DIRECT_OBJC_ISA_USAGE = YES_ERROR;
				CLANG_WARN_DOCUMENTATION_COMMENTS = YES;
				CLANG_WARN_EMPTY_BODY = YES;
				CLANG_WARN_ENUM_CONVERSION = YES;
				CLANG_WARN_INFINITE_RECURSION = YES;
				CLANG_WARN_INT_CONVERSION = YES;
				CLANG_WARN_NON_LITERAL_NULL_CONVERSION = YES;
				CLANG_WARN_OBJC_IMPLICIT_RETAIN_SELF = YES;
				CLANG_WARN_OBJC_LITERAL_CONVERSION = YES;
				CLANG_WARN_OBJC_ROOT_CLASS = YES_ERROR;
				CLANG_WARN_QUOTED_INCLUDE_IN_FRAMEWORK_HEADER = YES;
				CLANG_WARN_RANGE_LOOP_ANALYSIS = YES;
				CLANG_WARN_STRICT_PROTOTYPES = YES;
				CLANG_WARN_SUSPICIOUS_MOVE = YES;
				CLANG_WARN_UNGUARDED_AVAILABILITY = YES_AGGRESSIVE;
				CLANG_WARN_UNREACHABLE_CODE = YES;
				CLANG_WARN__DUPLICATE_METHOD_MATCH = YES;
				COPY_PHASE_STRIP = NO;
				DEBUG_INFORMATION_FORMAT = dwarf;
				ENABLE_STRICT_OBJC_MSGSEND = YES;
				ENABLE_TESTABILITY = YES;
				GCC_C_LANGUAGE_STANDARD = gnu11;
				GCC_DYNAMIC_NO_PIC = NO;
				GCC_NO_COMMON_BLOCKS = YES;
				GCC_OPTIMIZATION_LEVEL = 0;
				GCC_PREPROCESSOR_DEFINITIONS = (
					"DEBUG=1",
					"$(inherited)",
				);
				GCC_WARN_64_TO_32_BIT_CONVERSION = YES;
				GCC_WARN_ABOUT_RETURN_TYPE = YES_ERROR;
				GCC_WARN_UNDECLARED_SELECTOR = YES;
				GCC_WARN_UNINITIALIZED_AUTOS = YES_AGGRESSIVE;
				GCC_WARN_UNUSED_FUNCTION = YES;
				GCC_WARN_UNUSED_VARIABLE = YES;
				MTL_ENABLE_DEBUG_INFO = INCLUDE_SOURCE;
				MTL_FAST_MATH = YES;
				ONLY_ACTIVE_ARCH = YES;
				SWIFT_ACTIVE_COMPILATION_CONDITIONS = DEBUG;
				SWIFT_OPTIMIZATION_LEVEL = "-Onone";
			};
			name = Debug;
		};
		CD17B7B42A3D551900B3A528 /* Release */ = {
			isa = XCBuildConfiguration;
			buildSettings = {
				ALWAYS_SEARCH_USER_PATHS = NO;
				CLANG_ANALYZER_NONNULL = YES;
				CLANG_ANALYZER_NUMBER_OBJECT_CONVERSION = YES_AGGRESSIVE;
				CLANG_CXX_LANGUAGE_STANDARD = "gnu++20";
				CLANG_ENABLE_MODULES = YES;
				CLANG_ENABLE_OBJC_ARC = YES;
				CLANG_ENABLE_OBJC_WEAK = YES;
				CLANG_WARN_BLOCK_CAPTURE_AUTORELEASING = YES;
				CLANG_WARN_BOOL_CONVERSION = YES;
				CLANG_WARN_COMMA = YES;
				CLANG_WARN_CONSTANT_CONVERSION = YES;
				CLANG_WARN_DEPRECATED_OBJC_IMPLEMENTATIONS = YES;
				CLANG_WARN_DIRECT_OBJC_ISA_USAGE = YES_ERROR;
				CLANG_WARN_DOCUMENTATION_COMMENTS = YES;
				CLANG_WARN_EMPTY_BODY = YES;
				CLANG_WARN_ENUM_CONVERSION = YES;
				CLANG_WARN_INFINITE_RECURSION = YES;
				CLANG_WARN_INT_CONVERSION = YES;
				CLANG_WARN_NON_LITERAL_NULL_CONVERSION = YES;
				CLANG_WARN_OBJC_IMPLICIT_RETAIN_SELF = YES;
				CLANG_WARN_OBJC_LITERAL_CONVERSION = YES;
				CLANG_WARN_OBJC_ROOT_CLASS = YES_ERROR;
				CLANG_WARN_QUOTED_INCLUDE_IN_FRAMEWORK_HEADER = YES;
				CLANG_WARN_RANGE_LOOP_ANALYSIS = YES;
				CLANG_WARN_STRICT_PROTOTYPES = YES;
				CLANG_WARN_SUSPICIOUS_MOVE = YES;
				CLANG_WARN_UNGUARDED_AVAILABILITY = YES_AGGRESSIVE;
				CLANG_WARN_UNREACHABLE_CODE = YES;
				CLANG_WARN__DUPLICATE_METHOD_MATCH = YES;
				COPY_PHASE_STRIP = NO;
				DEBUG_INFORMATION_FORMAT = "dwarf-with-dsym";
				ENABLE_NS_ASSERTIONS = NO;
				ENABLE_STRICT_OBJC_MSGSEND = YES;
				GCC_C_LANGUAGE_STANDARD = gnu11;
				GCC_NO_COMMON_BLOCKS = YES;
				GCC_WARN_64_TO_32_BIT_CONVERSION = YES;
				GCC_WARN_ABOUT_RETURN_TYPE = YES_ERROR;
				GCC_WARN_UNDECLARED_SELECTOR = YES;
				GCC_WARN_UNINITIALIZED_AUTOS = YES_AGGRESSIVE;
				GCC_WARN_UNUSED_FUNCTION = YES;
				GCC_WARN_UNUSED_VARIABLE = YES;
				MTL_ENABLE_DEBUG_INFO = NO;
				MTL_FAST_MATH = YES;
				SWIFT_COMPILATION_MODE = wholemodule;
				SWIFT_OPTIMIZATION_LEVEL = "-O";
			};
			name = Release;
		};
		CD17B7B62A3D551900B3A528 /* Debug */ = {
			isa = XCBuildConfiguration;
			buildSettings = {
				ASSETCATALOG_COMPILER_APPICON_NAME = AppIcon;
				ASSETCATALOG_COMPILER_GLOBAL_ACCENT_COLOR_NAME = AccentColor;
				CODE_SIGN_ENTITLEMENTS = Landmarks/Landmarks.entitlements;
				CODE_SIGN_STYLE = Automatic;
				CURRENT_PROJECT_VERSION = 1;
				DEVELOPMENT_ASSET_PATHS = "\"Landmarks/Preview Content\"";
				DEVELOPMENT_TEAM = YQ88N3YLMB;
				ENABLE_HARDENED_RUNTIME = YES;
				ENABLE_PREVIEWS = YES;
				GENERATE_INFOPLIST_FILE = YES;
				"INFOPLIST_KEY_UIApplicationSceneManifest_Generation[sdk=iphoneos*]" = YES;
				"INFOPLIST_KEY_UIApplicationSceneManifest_Generation[sdk=iphonesimulator*]" = YES;
				"INFOPLIST_KEY_UIApplicationSupportsIndirectInputEvents[sdk=iphoneos*]" = YES;
				"INFOPLIST_KEY_UIApplicationSupportsIndirectInputEvents[sdk=iphonesimulator*]" = YES;
				"INFOPLIST_KEY_UILaunchScreen_Generation[sdk=iphoneos*]" = YES;
				"INFOPLIST_KEY_UILaunchScreen_Generation[sdk=iphonesimulator*]" = YES;
				"INFOPLIST_KEY_UIStatusBarStyle[sdk=iphoneos*]" = UIStatusBarStyleDefault;
				"INFOPLIST_KEY_UIStatusBarStyle[sdk=iphonesimulator*]" = UIStatusBarStyleDefault;
				INFOPLIST_KEY_UISupportedInterfaceOrientations_iPad = "UIInterfaceOrientationPortrait UIInterfaceOrientationPortraitUpsideDown UIInterfaceOrientationLandscapeLeft UIInterfaceOrientationLandscapeRight";
				INFOPLIST_KEY_UISupportedInterfaceOrientations_iPhone = "UIInterfaceOrientationPortrait UIInterfaceOrientationLandscapeLeft UIInterfaceOrientationLandscapeRight";
				IPHONEOS_DEPLOYMENT_TARGET = 16.4;
				LD_RUNPATH_SEARCH_PATHS = "@executable_path/Frameworks";
				"LD_RUNPATH_SEARCH_PATHS[sdk=macosx*]" = "@executable_path/../Frameworks";
				MACOSX_DEPLOYMENT_TARGET = 13.3;
				MARKETING_VERSION = 1.0;
				PRODUCT_BUNDLE_IDENTIFIER = ios.seandev.Landmarks;
				PRODUCT_NAME = "$(TARGET_NAME)";
				SDKROOT = auto;
				SUPPORTED_PLATFORMS = "iphoneos iphonesimulator macosx";
				SWIFT_EMIT_LOC_STRINGS = YES;
				SWIFT_VERSION = 5.0;
				TARGETED_DEVICE_FAMILY = "1,2";
			};
			name = Debug;
		};
		CD17B7B72A3D551900B3A528 /* Release */ = {
			isa = XCBuildConfiguration;
			buildSettings = {
				ASSETCATALOG_COMPILER_APPICON_NAME = AppIcon;
				ASSETCATALOG_COMPILER_GLOBAL_ACCENT_COLOR_NAME = AccentColor;
				CODE_SIGN_ENTITLEMENTS = Landmarks/Landmarks.entitlements;
				CODE_SIGN_STYLE = Automatic;
				CURRENT_PROJECT_VERSION = 1;
				DEVELOPMENT_ASSET_PATHS = "\"Landmarks/Preview Content\"";
				DEVELOPMENT_TEAM = YQ88N3YLMB;
				ENABLE_HARDENED_RUNTIME = YES;
				ENABLE_PREVIEWS = YES;
				GENERATE_INFOPLIST_FILE = YES;
				"INFOPLIST_KEY_UIApplicationSceneManifest_Generation[sdk=iphoneos*]" = YES;
				"INFOPLIST_KEY_UIApplicationSceneManifest_Generation[sdk=iphonesimulator*]" = YES;
				"INFOPLIST_KEY_UIApplicationSupportsIndirectInputEvents[sdk=iphoneos*]" = YES;
				"INFOPLIST_KEY_UIApplicationSupportsIndirectInputEvents[sdk=iphonesimulator*]" = YES;
				"INFOPLIST_KEY_UILaunchScreen_Generation[sdk=iphoneos*]" = YES;
				"INFOPLIST_KEY_UILaunchScreen_Generation[sdk=iphonesimulator*]" = YES;
				"INFOPLIST_KEY_UIStatusBarStyle[sdk=iphoneos*]" = UIStatusBarStyleDefault;
				"INFOPLIST_KEY_UIStatusBarStyle[sdk=iphonesimulator*]" = UIStatusBarStyleDefault;
				INFOPLIST_KEY_UISupportedInterfaceOrientations_iPad = "UIInterfaceOrientationPortrait UIInterfaceOrientationPortraitUpsideDown UIInterfaceOrientationLandscapeLeft UIInterfaceOrientationLandscapeRight";
				INFOPLIST_KEY_UISupportedInterfaceOrientations_iPhone = "UIInterfaceOrientationPortrait UIInterfaceOrientationLandscapeLeft UIInterfaceOrientationLandscapeRight";
				IPHONEOS_DEPLOYMENT_TARGET = 16.4;
				LD_RUNPATH_SEARCH_PATHS = "@executable_path/Frameworks";
				"LD_RUNPATH_SEARCH_PATHS[sdk=macosx*]" = "@executable_path/../Frameworks";
				MACOSX_DEPLOYMENT_TARGET = 13.3;
				MARKETING_VERSION = 1.0;
				PRODUCT_BUNDLE_IDENTIFIER = ios.seandev.Landmarks;
				PRODUCT_NAME = "$(TARGET_NAME)";
				SDKROOT = auto;
				SUPPORTED_PLATFORMS = "iphoneos iphonesimulator macosx";
				SWIFT_EMIT_LOC_STRINGS = YES;
				SWIFT_VERSION = 5.0;
				TARGETED_DEVICE_FAMILY = "1,2";
			};
			name = Release;
		};
		CD17B7B92A3D551900B3A528 /* Debug */ = {
			isa = XCBuildConfiguration;
			buildSettings = {
				ALWAYS_EMBED_SWIFT_STANDARD_LIBRARIES = YES;
				BUNDLE_LOADER = "$(TEST_HOST)";
				CODE_SIGN_STYLE = Automatic;
				CURRENT_PROJECT_VERSION = 1;
				DEVELOPMENT_TEAM = YQ88N3YLMB;
				GENERATE_INFOPLIST_FILE = YES;
				IPHONEOS_DEPLOYMENT_TARGET = 16.4;
				MACOSX_DEPLOYMENT_TARGET = 13.3;
				MARKETING_VERSION = 1.0;
				PRODUCT_BUNDLE_IDENTIFIER = ios.seandev.LandmarksTests;
				PRODUCT_NAME = "$(TARGET_NAME)";
				SDKROOT = auto;
				SUPPORTED_PLATFORMS = "iphoneos iphonesimulator macosx";
				SWIFT_EMIT_LOC_STRINGS = NO;
				SWIFT_VERSION = 5.0;
				TARGETED_DEVICE_FAMILY = "1,2";
				TEST_HOST = "$(BUILT_PRODUCTS_DIR)/Landmarks.app/$(BUNDLE_EXECUTABLE_FOLDER_PATH)/Landmarks";
			};
			name = Debug;
		};
		CD17B7BA2A3D551900B3A528 /* Release */ = {
			isa = XCBuildConfiguration;
			buildSettings = {
				ALWAYS_EMBED_SWIFT_STANDARD_LIBRARIES = YES;
				BUNDLE_LOADER = "$(TEST_HOST)";
				CODE_SIGN_STYLE = Automatic;
				CURRENT_PROJECT_VERSION = 1;
				DEVELOPMENT_TEAM = YQ88N3YLMB;
				GENERATE_INFOPLIST_FILE = YES;
				IPHONEOS_DEPLOYMENT_TARGET = 16.4;
				MACOSX_DEPLOYMENT_TARGET = 13.3;
				MARKETING_VERSION = 1.0;
				PRODUCT_BUNDLE_IDENTIFIER = ios.seandev.LandmarksTests;
				PRODUCT_NAME = "$(TARGET_NAME)";
				SDKROOT = auto;
				SUPPORTED_PLATFORMS = "iphoneos iphonesimulator macosx";
				SWIFT_EMIT_LOC_STRINGS = NO;
				SWIFT_VERSION = 5.0;
				TARGETED_DEVICE_FAMILY = "1,2";
				TEST_HOST = "$(BUILT_PRODUCTS_DIR)/Landmarks.app/$(BUNDLE_EXECUTABLE_FOLDER_PATH)/Landmarks";
			};
			name = Release;
		};
		CD17B7BC2A3D551900B3A528 /* Debug */ = {
			isa = XCBuildConfiguration;
			buildSettings = {
				ALWAYS_EMBED_SWIFT_STANDARD_LIBRARIES = YES;
				CODE_SIGN_STYLE = Automatic;
				CURRENT_PROJECT_VERSION = 1;
				DEVELOPMENT_TEAM = YQ88N3YLMB;
				GENERATE_INFOPLIST_FILE = YES;
				IPHONEOS_DEPLOYMENT_TARGET = 16.4;
				MACOSX_DEPLOYMENT_TARGET = 13.3;
				MARKETING_VERSION = 1.0;
				PRODUCT_BUNDLE_IDENTIFIER = ios.seandev.LandmarksUITests;
				PRODUCT_NAME = "$(TARGET_NAME)";
				SDKROOT = auto;
				SUPPORTED_PLATFORMS = "iphoneos iphonesimulator macosx";
				SWIFT_EMIT_LOC_STRINGS = NO;
				SWIFT_VERSION = 5.0;
				TARGETED_DEVICE_FAMILY = "1,2";
				TEST_TARGET_NAME = Landmarks;
			};
			name = Debug;
		};
		CD17B7BD2A3D551900B3A528 /* Release */ = {
			isa = XCBuildConfiguration;
			buildSettings = {
				ALWAYS_EMBED_SWIFT_STANDARD_LIBRARIES = YES;
				CODE_SIGN_STYLE = Automatic;
				CURRENT_PROJECT_VERSION = 1;
				DEVELOPMENT_TEAM = YQ88N3YLMB;
				GENERATE_INFOPLIST_FILE = YES;
				IPHONEOS_DEPLOYMENT_TARGET = 16.4;
				MACOSX_DEPLOYMENT_TARGET = 13.3;
				MARKETING_VERSION = 1.0;
				PRODUCT_BUNDLE_IDENTIFIER = ios.seandev.LandmarksUITests;
				PRODUCT_NAME = "$(TARGET_NAME)";
				SDKROOT = auto;
				SUPPORTED_PLATFORMS = "iphoneos iphonesimulator macosx";
				SWIFT_EMIT_LOC_STRINGS = NO;
				SWIFT_VERSION = 5.0;
				TARGETED_DEVICE_FAMILY = "1,2";
				TEST_TARGET_NAME = Landmarks;
			};
			name = Release;
		};
/* End XCBuildConfiguration section */

/* Begin XCConfigurationList section */
		CD17B78B2A3D551800B3A528 /* Build configuration list for PBXProject "Landmarks" */ = {
			isa = XCConfigurationList;
			buildConfigurations = (
				CD17B7B32A3D551900B3A528 /* Debug */,
				CD17B7B42A3D551900B3A528 /* Release */,
			);
			defaultConfigurationIsVisible = 0;
			defaultConfigurationName = Release;
		};
		CD17B7B52A3D551900B3A528 /* Build configuration list for PBXNativeTarget "Landmarks" */ = {
			isa = XCConfigurationList;
			buildConfigurations = (
				CD17B7B62A3D551900B3A528 /* Debug */,
				CD17B7B72A3D551900B3A528 /* Release */,
			);
			defaultConfigurationIsVisible = 0;
			defaultConfigurationName = Release;
		};
		CD17B7B82A3D551900B3A528 /* Build configuration list for PBXNativeTarget "LandmarksTests" */ = {
			isa = XCConfigurationList;
			buildConfigurations = (
				CD17B7B92A3D551900B3A528 /* Debug */,
				CD17B7BA2A3D551900B3A528 /* Release */,
			);
			defaultConfigurationIsVisible = 0;
			defaultConfigurationName = Release;
		};
		CD17B7BB2A3D551900B3A528 /* Build configuration list for PBXNativeTarget "LandmarksUITests" */ = {
			isa = XCConfigurationList;
			buildConfigurations = (
				CD17B7BC2A3D551900B3A528 /* Debug */,
				CD17B7BD2A3D551900B3A528 /* Release */,
			);
			defaultConfigurationIsVisible = 0;
			defaultConfigurationName = Release;
		};
/* End XCConfigurationList section */
	};
	rootObject = CD17B7882A3D551800B3A528 /* Project object */;
}
